
Microsoft Visual Studio Solution File, Format Version 12.00
# Visual Studio Version 17
VisualStudioVersion = 17.2.32317.152
MinimumVisualStudioVersion = 10.0.40219.1
Project("{FAE04EC0-301F-11D3-BF4B-00C04F79EFBC}") = "BlazorApp.Server", "BlazorApp.Server\BlazorApp.Server.csproj", "{B4ACB546-45AF-4504-9CDC-E0F24E230928}"
EndProject
Project("{2150E333-8FDC-42A3-9474-1A3956D46DE8}") = "Solution Items", "Solution Items", "{4C726129-3495-45DE-9C15-8BF43275BD17}"
	ProjectSection(SolutionItems) = preProject
		.editorconfig = .editorconfig
	EndProjectSection
EndProject
Global
	GlobalSection(SolutionConfigurationPlatforms) = preSolution
		Debug|Any CPU = Debug|Any CPU
		Release|Any CPU = Release|Any CPU
	EndGlobalSection
	GlobalSection(ProjectConfigurationPlatforms) = postSolution
		{B4ACB546-45AF-4504-9CDC-E0F24E230928}.Debug|Any CPU.ActiveCfg = Debug|Any CPU
		{B4ACB546-45AF-4504-9CDC-E0F24E230928}.Debug|Any CPU.Build.0 = Debug|Any CPU
		{B4ACB546-45AF-4504-9CDC-E0F24E230928}.Release|Any CPU.ActiveCfg = Release|Any CPU
		{B4ACB546-45AF-4504-9CDC-E0F24E230928}.Release|Any CPU.Build.0 = Release|Any CPU
	EndGlobalSection
	GlobalSection(SolutionProperties) = preSolution
		HideSolutionNode = FALSE
	EndGlobalSection
	GlobalSection(ExtensibilityGlobals) = postSolution
		SolutionGuid = {894CF6BD-C5FD-4C7B-A53E-D3A67FF50734}
	EndGlobalSection
EndGlobal
